<?xml version="1.0" encoding="utf-8"?>
<Project ToolsVersion="4.0" xmlns="http://schemas.microsoft.com/developer/msbuild/2003">
  <ItemGroup>
    <Filter Include="소스 파일">
      <UniqueIdentifier>{4FC737F1-C7A5-4376-A066-2A32D752A2FF}</UniqueIdentifier>
      <Extensions>cpp;c;cc;cxx;c++;cppm;ixx;def;odl;idl;hpj;bat;asm;asmx</Extensions>
    </Filter>
    <Filter Include="헤더 파일">
      <UniqueIdentifier>{93995380-89BD-4b04-88EB-625FBE52EBFB}</UniqueIdentifier>
      <Extensions>h;hh;hpp;hxx;h++;hm;inl;inc;ipp;xsd</Extensions>
    </Filter>
    <Filter Include="리소스 파일">
      <UniqueIdentifier>{67DA6AB6-F800-4c08-8B7A-83BB121AAD01}</UniqueIdentifier>
      <Extensions>rc;ico;cur;bmp;dlg;rc2;rct;bin;rgs;gif;jpg;jpeg;jpe;resx;tiff;tif;png;wav;mfcribbon-ms</Extensions>
    </Filter>
    <Filter Include="RPC">
      <UniqueIdentifier>{d0d173c6-5a87-4b9f-a0c1-a9e5eefb6b36}</UniqueIdentifier>
    </Filter>
    <Filter Include="Job">
      <UniqueIdentifier>{dfd51b8a-dcc4-47bd-934e-0f79fb57e44a}</UniqueIdentifier>
    </Filter>
  </ItemGroup>
  <ItemGroup>
    <ClCompile Include="main.cpp">
      <Filter>소스 파일</Filter>
    </ClCompile>
    <ClCompile Include="ChatServer.cpp">
      <Filter>소스 파일</Filter>
    </ClCompile>
    <ClCompile Include="ChatServerProxy.cpp">
      <Filter>RPC</Filter>
    </ClCompile>
    <ClCompile Include="ChatServerStub.cpp">
      <Filter>RPC</Filter>
    </ClCompile>
    <ClCompile Include="ChatReqLoginJob.cpp">
      <Filter>Job</Filter>
    </ClCompile>
    <ClCompile Include="ChatReqMessageJob.cpp">
      <Filter>Job</Filter>
    </ClCompile>
    <ClCompile Include="HeartBeatJob.cpp">
      <Filter>Job</Filter>
    </ClCompile>
    <ClCompile Include="OnConnectJob.cpp">
      <Filter>Job</Filter>
    </ClCompile>
    <ClCompile Include="OnDisconnectJob.cpp">
      <Filter>Job</Filter>
    </ClCompile>
    <ClCompile Include="SectorMoveJob.cpp">
      <Filter>Job</Filter>
    </ClCompile>
    <ClCompile Include="ChatRoom.cpp">
      <Filter>소스 파일</Filter>
    </ClCompile>
  </ItemGroup>
  <ItemGroup>
    <ClInclude Include="ChatServer.h">
      <Filter>헤더 파일</Filter>
    </ClInclude>
    <ClInclude Include="Player.h">
      <Filter>헤더 파일</Filter>
    </ClInclude>
    <ClInclude Include="Remotable.h">
      <Filter>헤더 파일</Filter>
    </ClInclude>
    <ClInclude Include="ChatServerProxy.h">
      <Filter>RPC</Filter>
    </ClInclude>
    <ClInclude Include="ChatServerStub.h">
      <Filter>RPC</Filter>
    </ClInclude>
    <ClInclude Include="CommonProtocol.h">
      <Filter>리소스 파일</Filter>
    </ClInclude>
    <ClInclude Include="ChatServerPKT_TYPE.h">
      <Filter>RPC</Filter>
    </ClInclude>
    <ClInclude Include="ChatReqMessageJob.h">
      <Filter>Job</Filter>
    </ClInclude>
    <ClInclude Include="ChatReqLoginJob.h">
      <Filter>Job</Filter>
    </ClInclude>
    <ClInclude Include="OnConnectJob.h">
      <Filter>Job</Filter>
    </ClInclude>
    <ClInclude Include="OnDisconnectJob.h">
      <Filter>Job</Filter>
    </ClInclude>
    <ClInclude Include="HeartBeatJob.h">
      <Filter>Job</Filter>
    </ClInclude>
    <ClInclude Include="Job.h">
      <Filter>Job</Filter>
    </ClInclude>
    <ClInclude Include="SectorMoveJob.h">
      <Filter>Job</Filter>
    </ClInclude>
    <ClInclude Include="ChatRoom.h">
      <Filter>헤더 파일</Filter>
    </ClInclude>
  </ItemGroup>
  <ItemGroup>
    <Text Include="RPCreference.txt">
      <Filter>리소스 파일</Filter>
    </Text>
  </ItemGroup>
  <ItemGroup>
    <None Include="ServerSetting.json">
      <Filter>리소스 파일</Filter>
    </None>
  </ItemGroup>
</Project>