<?xml version="1.0" encoding="utf-8"?>
<Project ToolsVersion="4.0" xmlns="http://schemas.microsoft.com/developer/msbuild/2003">
  <ItemGroup>
    <ClCompile Include="ChatRoom.cpp" />
    <ClCompile Include="ChatServer.cpp" />
    <ClCompile Include="main.cpp" />
    <ClCompile Include="SSMonitorClient.cpp">
      <Filter>Monitor</Filter>
    </ClCompile>
    <ClCompile Include="SSMonitorClientProxy.cpp">
      <Filter>Monitor</Filter>
    </ClCompile>
    <ClCompile Include="ChatServerProxy.cpp">
      <Filter>RPC</Filter>
    </ClCompile>
    <ClCompile Include="ChatServerStub.cpp">
      <Filter>RPC</Filter>
    </ClCompile>
    <ClCompile Include="SSMonitorClientStub.cpp">
      <Filter>Monitor</Filter>
    </ClCompile>
  </ItemGroup>
  <ItemGroup>
    <ClInclude Include="ChatRoom.h" />
    <ClInclude Include="ChatServer.h" />
    <ClInclude Include="Player.h" />
    <ClInclude Include="Remotable.h" />
    <ClInclude Include="SSMonitorClient.h">
      <Filter>Monitor</Filter>
    </ClInclude>
    <ClInclude Include="SSMonitorClientProxy.h">
      <Filter>Monitor</Filter>
    </ClInclude>
    <ClInclude Include="SSMonitorPKT_TYPE.h">
      <Filter>Monitor</Filter>
    </ClInclude>
    <ClInclude Include="MonitorProtocol.h">
      <Filter>Monitor</Filter>
    </ClInclude>
    <ClInclude Include="ChatServerPKT_TYPE.h">
      <Filter>RPC</Filter>
    </ClInclude>
    <ClInclude Include="ChatServerProxy.h">
      <Filter>RPC</Filter>
    </ClInclude>
    <ClInclude Include="ChatServerStub.h">
      <Filter>RPC</Filter>
    </ClInclude>
    <ClInclude Include="CommonProtocol.h">
      <Filter>Resource</Filter>
    </ClInclude>
    <ClInclude Include="SSMonitorClientStub.h">
      <Filter>Monitor</Filter>
    </ClInclude>
  </ItemGroup>
  <ItemGroup>
    <None Include="ChatServerSetting.json">
      <Filter>Resource</Filter>
    </None>
    <None Include="RPCcompiler.py">
      <Filter>RPC</Filter>
    </None>
    <None Include="SSMonitorClientSetting.json">
      <Filter>Monitor</Filter>
    </None>
  </ItemGroup>
  <ItemGroup>
    <Text Include="RPCReferenceSSMonitor.txt">
      <Filter>Monitor</Filter>
    </Text>
    <Text Include="RPCreference.txt">
      <Filter>RPC</Filter>
    </Text>
  </ItemGroup>
  <ItemGroup>
    <Filter Include="Monitor">
      <UniqueIdentifier>{fdbbe85c-d6d4-4e6b-a418-5d0f10c43fae}</UniqueIdentifier>
    </Filter>
    <Filter Include="RPC">
      <UniqueIdentifier>{79d31628-e42d-4958-97a8-63adf3896ec5}</UniqueIdentifier>
    </Filter>
    <Filter Include="Resource">
      <UniqueIdentifier>{b1764025-5434-4b30-944d-c12ab3318a3e}</UniqueIdentifier>
    </Filter>
  </ItemGroup>
</Project>